
Microsoft Visual Studio Solution File, Format Version 12.00
# Visual Studio 15
VisualStudioVersion = 15.0.27703.2018
MinimumVisualStudioVersion = 10.0.40219.1
Project("{FAE04EC0-301F-11D3-BF4B-00C04F79EFBC}") = "PDFToVision", ".\PDFToVision.Wpf\PDFToVision\PDFToVision.csproj", "{B539C6D9-50EA-45A5-A247-FDCF5D9A6708}"
EndProject
Global
	GlobalSection(SolutionConfigurationPlatforms) = preSolution
		Debug|Any CPU = Debug|Any CPU
		Debug|ARM = Debug|ARM
		Debug|x64 = Debug|x64
		Debug|x86 = Debug|x86
		Release|Any CPU = Release|Any CPU
		Release|ARM = Release|ARM
		Release|x64 = Release|x64
		Release|x86 = Release|x86
	EndGlobalSection
	GlobalSection(ProjectConfigurationPlatforms) = postSolution
		{B539C6D9-50EA-45A5-A247-FDCF5D9A6708}.Debug|Any CPU.ActiveCfg = Debug|Any CPU
		{B539C6D9-50EA-45A5-A247-FDCF5D9A6708}.Debug|Any CPU.Build.0 = Debug|Any CPU
		{B539C6D9-50EA-45A5-A247-FDCF5D9A6708}.Debug|ARM.ActiveCfg = Debug|Any CPU
		{B539C6D9-50EA-45A5-A247-FDCF5D9A6708}.Debug|ARM.Build.0 = Debug|Any CPU
		{B539C6D9-50EA-45A5-A247-FDCF5D9A6708}.Debug|x64.ActiveCfg = Debug|Any CPU
		{B539C6D9-50EA-45A5-A247-FDCF5D9A6708}.Debug|x64.Build.0 = Debug|Any CPU
		{B539C6D9-50EA-45A5-A247-FDCF5D9A6708}.Debug|x86.ActiveCfg = Debug|Any CPU
		{B539C6D9-50EA-45A5-A247-FDCF5D9A6708}.Debug|x86.Build.0 = Debug|Any CPU
		{B539C6D9-50EA-45A5-A247-FDCF5D9A6708}.Release|Any CPU.ActiveCfg = Release|Any CPU
		{B539C6D9-50EA-45A5-A247-FDCF5D9A6708}.Release|Any CPU.Build.0 = Release|Any CPU
		{B539C6D9-50EA-45A5-A247-FDCF5D9A6708}.Release|ARM.ActiveCfg = Release|Any CPU
		{B539C6D9-50EA-45A5-A247-FDCF5D9A6708}.Release|ARM.Build.0 = Release|Any CPU
		{B539C6D9-50EA-45A5-A247-FDCF5D9A6708}.Release|x64.ActiveCfg = Release|Any CPU
		{B539C6D9-50EA-45A5-A247-FDCF5D9A6708}.Release|x64.Build.0 = Release|Any CPU
		{B539C6D9-50EA-45A5-A247-FDCF5D9A6708}.Release|x86.ActiveCfg = Release|Any CPU
		{B539C6D9-50EA-45A5-A247-FDCF5D9A6708}.Release|x86.Build.0 = Release|Any CPU
	EndGlobalSection
	GlobalSection(SolutionProperties) = preSolution
		HideSolutionNode = FALSE
	EndGlobalSection
	GlobalSection(ExtensibilityGlobals) = postSolution
		SolutionGuid = {C5EC37DD-6CB0-4628-8989-8BF5AC413E44}
	EndGlobalSection
EndGlobal
